
Microsoft Visual Studio Solution File, Format Version 12.00
# Visual Studio Version 17
VisualStudioVersion = 17.4.33213.308
MinimumVisualStudioVersion = 10.0.40219.1
Project("{FAE04EC0-301F-11D3-BF4B-00C04F79EFBC}") = "backend", "backend\backend.csproj", "{0D66FBC7-7ABA-4AA8-8EA0-53D3320A720B}"
EndProject
Global
	GlobalSection(SolutionConfigurationPlatforms) = preSolution
		Debug|Any CPU = Debug|Any CPU
		Release|Any CPU = Release|Any CPU
	EndGlobalSection
	GlobalSection(ProjectConfigurationPlatforms) = postSolution
		{0D66FBC7-7ABA-4AA8-8EA0-53D3320A720B}.Debug|Any CPU.ActiveCfg = Debug|Any CPU
		{0D66FBC7-7ABA-4AA8-8EA0-53D3320A720B}.Debug|Any CPU.Build.0 = Debug|Any CPU
		{0D66FBC7-7ABA-4AA8-8EA0-53D3320A720B}.Release|Any CPU.ActiveCfg = Release|Any CPU
		{0D66FBC7-7ABA-4AA8-8EA0-53D3320A720B}.Release|Any CPU.Build.0 = Release|Any CPU
	EndGlobalSection
	GlobalSection(SolutionProperties) = preSolution
		HideSolutionNode = FALSE
	EndGlobalSection
	GlobalSection(ExtensibilityGlobals) = postSolution
		SolutionGuid = {D2DB9D68-6232-4049-9DB4-411480926B11}
	EndGlobalSection
EndGlobal
